# This file is autogenerated, do not edit; changes may be undone by the next 'dep ensure'.


[[projects]]
  branch = "master"
  digest = "1:09cb52bd3cd311159b4b2a7d4d3cec39e1d219ae6515b3420f3024a9663710ac"
  name = "github.com/gocql/gocql"
  packages = [
    ".",
    "internal/lru",
    "internal/murmur",
    "internal/streams",
  ]
  pruneopts = "UT"
  revision = "909f2a77f46e7e16f59959bfce1f7bdcc4bb28c5"

[[projects]]
  digest = "1:517c4dd8b618aa9053dfde13c4391dff6e43f7445c2d2b394c0cb9861ba209c8"
  name = "github.com/golang/snappy"
  packages = ["."]
  pruneopts = "UT"
  revision = "674baa8c7fc30da5df3074a459494a7e6b427dff"
  version = "v0.0.3"

[[projects]]
  branch = "master"
  digest = "1:364b908b9b27b97ab838f2f6f1b1f46281fa29b978a037d72a9b1d4f6d940190"
  name = "github.com/hailocab/go-hostpool"
  packages = ["."]
  pruneopts = "UT"
  revision = "e80d13ce29ede4452c43dea11e79b9bc8a15b478"

[[projects]]
  digest = "1:7a3de4371d6b68c6f37a0df2c09905664d9de59026c91cbe275aae55f4fe760f"
  name = "go.uber.org/atomic"
  packages = ["."]
  pruneopts = "UT"
  revision = "12f27ba2637fa0e13772a4f05fa46a5d18d53182"
  version = "v1.7.0"

[[projects]]
  digest = "1:e9eeeabfd025a5e69b9c8e2857d3517ea67e747ae913bcb0a9e1e7bafdb9c298"
  name = "go.uber.org/multierr"
  packages = ["."]
  pruneopts = "UT"
  revision = "3114a8b704d2d28dbacda34a872690aaef66aeed"
  version = "v1.6.0"

[[projects]]
  digest = "1:052a04ff010ec05c33f12909ec2a90492c9d5582d68f87d3275595d0d1bd0d3b"
  name = "go.uber.org/zap"
  packages = [
    ".",
    "buffer",
    "internal/bufferpool",
    "internal/color",
    "internal/exit",
    "zapcore",
  ]
  pruneopts = "UT"
  revision = "404189cf44aea95b0cd9bddcb0242dd4cf88c510"
  version = "v1.16.0"

[[projects]]
  digest = "1:2d1fbdc6777e5408cabeb02bf336305e724b925ff4546ded0fa8715a7267922a"
  name = "gopkg.in/inf.v0"
  packages = ["."]
  pruneopts = "UT"
  revision = "d2d2541c53f18d2a059457998ce2876cc8e67cbf"
  version = "v0.9.1"

[solve-meta]
  analyzer-name = "dep"
  analyzer-version = 1
  input-imports = [
    "github.com/gocql/gocql",
    "go.uber.org/zap",
  ]
  solver-name = "gps-cdcl"
  solver-version = 1
